
Microsoft Visual Studio Solution File, Format Version 12.00
# Visual Studio Version 16
VisualStudioVersion = 16.0.29411.108
MinimumVisualStudioVersion = 10.0.40219.1
Project("{FAE04EC0-301F-11D3-BF4B-00C04F79EFBC}") = "RetroPlaylists", "RetroPlaylists\RetroPlaylists.csproj", "{BD2C4F66-854E-4C31-B131-859E43F8FC0A}"
EndProject
Global
	GlobalSection(SolutionConfigurationPlatforms) = preSolution
		Debug|Any CPU = Debug|Any CPU
		Release|Any CPU = Release|Any CPU
	EndGlobalSection
	GlobalSection(ProjectConfigurationPlatforms) = postSolution
		{BD2C4F66-854E-4C31-B131-859E43F8FC0A}.Debug|Any CPU.ActiveCfg = Debug|Any CPU
		{BD2C4F66-854E-4C31-B131-859E43F8FC0A}.Debug|Any CPU.Build.0 = Debug|Any CPU
		{BD2C4F66-854E-4C31-B131-859E43F8FC0A}.Release|Any CPU.ActiveCfg = Release|Any CPU
		{BD2C4F66-854E-4C31-B131-859E43F8FC0A}.Release|Any CPU.Build.0 = Release|Any CPU
	EndGlobalSection
	GlobalSection(SolutionProperties) = preSolution
		HideSolutionNode = FALSE
	EndGlobalSection
	GlobalSection(ExtensibilityGlobals) = postSolution
		SolutionGuid = {5E96A5A1-4154-4872-9CB3-82A41E2E6A8F}
	EndGlobalSection
EndGlobal
